// !$*UTF8*$!
{
	archiveVersion = 1;
	classes = {
	};
	objectVersion = 50;
	objects = {

/* Begin PBXBuildFile section */
		45124CA821A0638200F25A93 /* AppDelegate.swift in Sources */ = {isa = PBXBuildFile; fileRef = 45124CA721A0638200F25A93 /* AppDelegate.swift */; };
		45124CAA21A0638200F25A93 /* ViewController.swift in Sources */ = {isa = PBXBuildFile; fileRef = 45124CA921A0638200F25A93 /* ViewController.swift */; };
		45124CAD21A0638200F25A93 /* Main.storyboard in Resources */ = {isa = PBXBuildFile; fileRef = 45124CAB21A0638200F25A93 /* Main.storyboard */; };
		45124CAF21A0638300F25A93 /* Assets.xcassets in Resources */ = {isa = PBXBuildFile; fileRef = 45124CAE21A0638300F25A93 /* Assets.xcassets */; };
		45124CB221A0638300F25A93 /* LaunchScreen.storyboard in Resources */ = {isa = PBXBuildFile; fileRef = 45124CB021A0638300F25A93 /* LaunchScreen.storyboard */; };
		830E7148F7A9A26A256A2484 /* Pods_TestiOSProject.framework in Frameworks */ = {isa = PBXBuildFile; fileRef = 216E0770CC13D22FBD8FB787 /* Pods_TestiOSProject.framework */; };
/* End PBXBuildFile section */

/* Begin PBXFileReference section */
		216E0770CC13D22FBD8FB787 /* Pods_TestiOSProject.framework */ = {isa = PBXFileReference; explicitFileType = wrapper.framework; includeInIndex = 0; path = Pods_TestiOSProject.framework; sourceTree = BUILT_PRODUCTS_DIR; };
		45124CA421A0638200F25A93 /* TestiOSProject.app */ = {isa = PBXFileReference; explicitFileType = wrapper.application; includeInIndex = 0; path = TestiOSProject.app; sourceTree = BUILT_PRODUCTS_DIR; };
		45124CA721A0638200F25A93 /* AppDelegate.swift */ = {isa = PBXFileReference; lastKnownFileType = sourcecode.swift; path = AppDelegate.swift; sourceTree = "<group>"; };
		45124CA921A0638200F25A93 /* ViewController.swift */ = {isa = PBXFileReference; lastKnownFileType = sourcecode.swift; path = ViewController.swift; sourceTree = "<group>"; };
		45124CAC21A0638200F25A93 /* Base */ = {isa = PBXFileReference; lastKnownFileType = file.storyboard; name = Base; path = Base.lproj/Main.storyboard; sourceTree = "<group>"; };
		45124CAE21A0638300F25A93 /* Assets.xcassets */ = {isa = PBXFileReference; lastKnownFileType = folder.assetcatalog; path = Assets.xcassets; sourceTree = "<group>"; };
		45124CB121A0638300F25A93 /* Base */ = {isa = PBXFileReference; lastKnownFileType = file.storyboard; name = Base; path = Base.lproj/LaunchScreen.storyboard; sourceTree = "<group>"; };
		45124CB321A0638300F25A93 /* Info.plist */ = {isa = PBXFileReference; lastKnownFileType = text.plist.xml; path = Info.plist; sourceTree = "<group>"; };
		62CED386EA6C178DE0FE7824 /* Pods-TestiOSProject.debug.xcconfig */ = {isa = PBXFileReference; includeInIndex = 1; lastKnownFileType = text.xcconfig; name = "Pods-TestiOSProject.debug.xcconfig"; path = "../Pods/Target Support Files/Pods-TestiOSProject/Pods-TestiOSProject.debug.xcconfig"; sourceTree = "<group>"; };
		ADF0E511756F731EC3FA79FB /* Pods-TestiOSProject.release.xcconfig */ = {isa = PBXFileReference; includeInIndex = 1; lastKnownFileType = text.xcconfig; name = "Pods-TestiOSProject.release.xcconfig"; path = "../Pods/Target Support Files/Pods-TestiOSProject/Pods-TestiOSProject.release.xcconfig"; sourceTree = "<group>"; };
/* End PBXFileReference section */

/* Begin PBXFrameworksBuildPhase section */
		45124CA121A0638200F25A93 /* Frameworks */ = {
			isa = PBXFrameworksBuildPhase;
			buildActionMask = 2147483647;
			files = (
				830E7148F7A9A26A256A2484 /* Pods_TestiOSProject.framework in Frameworks */,
			);
			runOnlyForDeploymentPostprocessing = 0;
		};
/* End PBXFrameworksBuildPhase section */

/* Begin PBXGroup section */
		164C9C295CB02544272CFB1B /* Frameworks */ = {
			isa = PBXGroup;
			children = (
				216E0770CC13D22FBD8FB787 /* Pods_TestiOSProject.framework */,
			);
			name = Frameworks;
			sourceTree = "<group>";
		};
		2EF3B2016E77C70DA215B0FB /* Pods */ = {
			isa = PBXGroup;
			children = (
				62CED386EA6C178DE0FE7824 /* Pods-TestiOSProject.debug.xcconfig */,
				ADF0E511756F731EC3FA79FB /* Pods-TestiOSProject.release.xcconfig */,
			);
			name = Pods;
			sourceTree = "<group>";
		};
		45124C9B21A0638200F25A93 = {
			isa = PBXGroup;
			children = (
				45124CA621A0638200F25A93 /* TestiOSProject */,
				45124CA521A0638200F25A93 /* Products */,
				2EF3B2016E77C70DA215B0FB /* Pods */,
				164C9C295CB02544272CFB1B /* Frameworks */,
			);
			sourceTree = "<group>";
		};
		45124CA521A0638200F25A93 /* Products */ = {
			isa = PBXGroup;
			children = (
				45124CA421A0638200F25A93 /* TestiOSProject.app */,
			);
			name = Products;
			sourceTree = "<group>";
		};
		45124CA621A0638200F25A93 /* TestiOSProject */ = {
			isa = PBXGroup;
			children = (
				45124CA721A0638200F25A93 /* AppDelegate.swift */,
				45124CA921A0638200F25A93 /* ViewController.swift */,
				45124CAB21A0638200F25A93 /* Main.storyboard */,
				45124CAE21A0638300F25A93 /* Assets.xcassets */,
				45124CB021A0638300F25A93 /* LaunchScreen.storyboard */,
				45124CB321A0638300F25A93 /* Info.plist */,
			);
			path = TestiOSProject;
			sourceTree = "<group>";
		};
/* End PBXGroup section */

/* Begin PBXNativeTarget section */
		45124CA321A0638200F25A93 /* TestiOSProject */ = {
			isa = PBXNativeTarget;
			buildConfigurationList = 45124CB621A0638300F25A93 /* Build configuration list for PBXNativeTarget "TestiOSProject" */;
			buildPhases = (
				791A74C55DD7B1E4F5DDA461 /* [CP] Check Pods Manifest.lock */,
				45124CA021A0638200F25A93 /* Sources */,
				45124CA121A0638200F25A93 /* Frameworks */,
				45124CA221A0638200F25A93 /* Resources */,
				A5B311D2D751BEB229EFB4D6 /* [CP] Embed Pods Frameworks */,
			);
			buildRules = (
			);
			dependencies = (
			);
			name = TestiOSProject;
			productName = TestiOSProject;
			productReference = 45124CA421A0638200F25A93 /* TestiOSProject.app */;
			productType = "com.apple.product-type.application";
		};
/* End PBXNativeTarget section */

/* Begin PBXProject section */
		45124C9C21A0638200F25A93 /* Project object */ = {
			isa = PBXProject;
			attributes = {
				LastSwiftUpdateCheck = 0940;
				LastUpgradeCheck = 0940;
				ORGANIZATIONNAME = Tapptic;
				TargetAttributes = {
					45124CA321A0638200F25A93 = {
						CreatedOnToolsVersion = 9.4.1;
					};
				};
			};
			buildConfigurationList = 45124C9F21A0638200F25A93 /* Build configuration list for PBXProject "TestiOSProject" */;
			compatibilityVersion = "Xcode 9.3";
			developmentRegion = en;
			hasScannedForEncodings = 0;
			knownRegions = (
				en,
				Base,
			);
			mainGroup = 45124C9B21A0638200F25A93;
			productRefGroup = 45124CA521A0638200F25A93 /* Products */;
			projectDirPath = "";
			projectRoot = "";
			targets = (
				45124CA321A0638200F25A93 /* TestiOSProject */,
			);
		};
/* End PBXProject section */

/* Begin PBXResourcesBuildPhase section */
		45124CA221A0638200F25A93 /* Resources */ = {
			isa = PBXResourcesBuildPhase;
			buildActionMask = 2147483647;
			files = (
				45124CB221A0638300F25A93 /* LaunchScreen.storyboard in Resources */,
				45124CAF21A0638300F25A93 /* Assets.xcassets in Resources */,
				45124CAD21A0638200F25A93 /* Main.storyboard in Resources */,
			);
			runOnlyForDeploymentPostprocessing = 0;
		};
/* End PBXResourcesBuildPhase section */

/* Begin PBXShellScriptBuildPhase section */
		791A74C55DD7B1E4F5DDA461 /* [CP] Check Pods Manifest.lock */ = {
			isa = PBXShellScriptBuildPhase;
			buildActionMask = 2147483647;
			files = (
			);
			inputPaths = (
				"${PODS_PODFILE_DIR_PATH}/Podfile.lock",
				"${PODS_ROOT}/Manifest.lock",
			);
			name = "[CP] Check Pods Manifest.lock";
			outputPaths = (
				"$(DERIVED_FILE_DIR)/Pods-TestiOSProject-checkManifestLockResult.txt",
			);
			runOnlyForDeploymentPostprocessing = 0;
			shellPath = /bin/sh;
			shellScript = "diff \"${PODS_PODFILE_DIR_PATH}/Podfile.lock\" \"${PODS_ROOT}/Manifest.lock\" > /dev/null\nif [ $? != 0 ] ; then\n    # print error to STDERR\n    echo \"error: The sandbox is not in sync with the Podfile.lock. Run 'pod install' or update your CocoaPods installation.\" >&2\n    exit 1\nfi\n# This output is used by Xcode 'outputs' to avoid re-running this script phase.\necho \"SUCCESS\" > \"${SCRIPT_OUTPUT_FILE_0}\"\n";
			showEnvVarsInLog = 0;
		};
		A5B311D2D751BEB229EFB4D6 /* [CP] Embed Pods Frameworks */ = {
			isa = PBXShellScriptBuildPhase;
			buildActionMask = 2147483647;
			files = (
			);
			inputPaths = (
				"${SRCROOT}/../Pods/Target Support Files/Pods-TestiOSProject/Pods-TestiOSProject-frameworks.sh",
				"${BUILT_PRODUCTS_DIR}/common-Core-iOS/common.framework",
			);
			name = "[CP] Embed Pods Frameworks";
			outputPaths = (
				"${TARGET_BUILD_DIR}/${FRAMEWORKS_FOLDER_PATH}/common.framework",
			);
			runOnlyForDeploymentPostprocessing = 0;
			shellPath = /bin/sh;
			shellScript = "\"${SRCROOT}/../Pods/Target Support Files/Pods-TestiOSProject/Pods-TestiOSProject-frameworks.sh\"\n";
			showEnvVarsInLog = 0;
		};
/* End PBXShellScriptBuildPhase section */

/* Begin PBXSourcesBuildPhase section */
		45124CA021A0638200F25A93 /* Sources */ = {
			isa = PBXSourcesBuildPhase;
			buildActionMask = 2147483647;
			files = (
				45124CAA21A0638200F25A93 /* ViewController.swift in Sources */,
				45124CA821A0638200F25A93 /* AppDelegate.swift in Sources */,
			);
			runOnlyForDeploymentPostprocessing = 0;
		};
/* End PBXSourcesBuildPhase section */

/* Begin PBXVariantGroup section */
		45124CAB21A0638200F25A93 /* Main.storyboard */ = {
			isa = PBXVariantGroup;
			children = (
				45124CAC21A0638200F25A93 /* Base */,
			);
			name = Main.storyboard;
			sourceTree = "<group>";
		};
		45124CB021A0638300F25A93 /* LaunchScreen.storyboard */ = {
			isa = PBXVariantGroup;
			children = (
				45124CB121A0638300F25A93 /* Base */,
			);
			name = LaunchScreen.storyboard;
			sourceTree = "<group>";
		};
/* End PBXVariantGroup section */

/* Begin XCBuildConfiguration section */
		45124CB421A0638300F25A93 /* Debug */ = {
			isa = XCBuildConfiguration;
			buildSettings = {
				ALWAYS_SEARCH_USER_PATHS = NO;
				CLANG_ANALYZER_NONNULL = YES;
				CLANG_ANALYZER_NUMBER_OBJECT_CONVERSION = YES_AGGRESSIVE;
				CLANG_CXX_LANGUAGE_STANDARD = "gnu++14";
				CLANG_CXX_LIBRARY = "libc++";
				CLANG_ENABLE_MODULES = YES;
				CLANG_ENABLE_OBJC_ARC = YES;
				CLANG_ENABLE_OBJC_WEAK = YES;
				CLANG_WARN_BLOCK_CAPTURE_AUTORELEASING = YES;
				CLANG_WARN_BOOL_CONVERSION = YES;
				CLANG_WARN_COMMA = YES;
				CLANG_WARN_CONSTANT_CONVERSION = YES;
				CLANG_WARN_DEPRECATED_OBJC_IMPLEMENTATIONS = YES;
				CLANG_WARN_DIRECT_OBJC_ISA_USAGE = YES_ERROR;
				CLANG_WARN_DOCUMENTATION_COMMENTS = YES;
				CLANG_WARN_EMPTY_BODY = YES;
				CLANG_WARN_ENUM_CONVERSION = YES;
				CLANG_WARN_INFINITE_RECURSION = YES;
				CLANG_WARN_INT_CONVERSION = YES;
				CLANG_WARN_NON_LITERAL_NULL_CONVERSION = YES;
				CLANG_WARN_OBJC_IMPLICIT_RETAIN_SELF = YES;
				CLANG_WARN_OBJC_LITERAL_CONVERSION = YES;
				CLANG_WARN_OBJC_ROOT_CLASS = YES_ERROR;
				CLANG_WARN_RANGE_LOOP_ANALYSIS = YES;
				CLANG_WARN_STRICT_PROTOTYPES = YES;
				CLANG_WARN_SUSPICIOUS_MOVE = YES;
				CLANG_WARN_UNGUARDED_AVAILABILITY = YES_AGGRESSIVE;
				CLANG_WARN_UNREACHABLE_CODE = YES;
				CLANG_WARN__DUPLICATE_METHOD_MATCH = YES;
				CODE_SIGN_IDENTITY = "iPhone Developer";
				COPY_PHASE_STRIP = NO;
				DEBUG_INFORMATION_FORMAT = dwarf;
				ENABLE_STRICT_OBJC_MSGSEND = YES;
				ENABLE_TESTABILITY = YES;
				GCC_C_LANGUAGE_STANDARD = gnu11;
				GCC_DYNAMIC_NO_PIC = NO;
				GCC_NO_COMMON_BLOCKS = YES;
				GCC_OPTIMIZATION_LEVEL = 0;
				GCC_PREPROCESSOR_DEFINITIONS = (
					"DEBUG=1",
					"$(inherited)",
				);
				GCC_WARN_64_TO_32_BIT_CONVERSION = YES;
				GCC_WARN_ABOUT_RETURN_TYPE = YES_ERROR;
				GCC_WARN_UNDECLARED_SELECTOR = YES;
				GCC_WARN_UNINITIALIZED_AUTOS = YES_AGGRESSIVE;
				GCC_WARN_UNUSED_FUNCTION = YES;
				GCC_WARN_UNUSED_VARIABLE = YES;
				IPHONEOS_DEPLOYMENT_TARGET = 11.4;
				MTL_ENABLE_DEBUG_INFO = YES;
				ONLY_ACTIVE_ARCH = YES;
				SDKROOT = iphoneos;
				SWIFT_ACTIVE_COMPILATION_CONDITIONS = DEBUG;
				SWIFT_OPTIMIZATION_LEVEL = "-Onone";
			};
			name = Debug;
		};
		45124CB521A0638300F25A93 /* Release */ = {
			isa = XCBuildConfiguration;
			buildSettings = {
				ALWAYS_SEARCH_USER_PATHS = NO;
				CLANG_ANALYZER_NONNULL = YES;
				CLANG_ANALYZER_NUMBER_OBJECT_CONVERSION = YES_AGGRESSIVE;
				CLANG_CXX_LANGUAGE_STANDARD = "gnu++14";
				CLANG_CXX_LIBRARY = "libc++";
				CLANG_ENABLE_MODULES = YES;
				CLANG_ENABLE_OBJC_ARC = YES;
				CLANG_ENABLE_OBJC_WEAK = YES;
				CLANG_WARN_BLOCK_CAPTURE_AUTORELEASING = YES;
				CLANG_WARN_BOOL_CONVERSION = YES;
				CLANG_WARN_COMMA = YES;
				CLANG_WARN_CONSTANT_CONVERSION = YES;
				CLANG_WARN_DEPRECATED_OBJC_IMPLEMENTATIONS = YES;
				CLANG_WARN_DIRECT_OBJC_ISA_USAGE = YES_ERROR;
				CLANG_WARN_DOCUMENTATION_COMMENTS = YES;
				CLANG_WARN_EMPTY_BODY = YES;
				CLANG_WARN_ENUM_CONVERSION = YES;
				CLANG_WARN_INFINITE_RECURSION = YES;
				CLANG_WARN_INT_CONVERSION = YES;
				CLANG_WARN_NON_LITERAL_NULL_CONVERSION = YES;
				CLANG_WARN_OBJC_IMPLICIT_RETAIN_SELF = YES;
				CLANG_WARN_OBJC_LITERAL_CONVERSION = YES;
				CLANG_WARN_OBJC_ROOT_CLASS = YES_ERROR;
				CLANG_WARN_RANGE_LOOP_ANALYSIS = YES;
				CLANG_WARN_STRICT_PROTOTYPES = YES;
				CLANG_WARN_SUSPICIOUS_MOVE = YES;
				CLANG_WARN_UNGUARDED_AVAILABILITY = YES_AGGRESSIVE;
				CLANG_WARN_UNREACHABLE_CODE = YES;
				CLANG_WARN__DUPLICATE_METHOD_MATCH = YES;
				CODE_SIGN_IDENTITY = "iPhone Developer";
				COPY_PHASE_STRIP = NO;
				DEBUG_INFORMATION_FORMAT = "dwarf-with-dsym";
				ENABLE_NS_ASSERTIONS = NO;
				ENABLE_STRICT_OBJC_MSGSEND = YES;
				GCC_C_LANGUAGE_STANDARD = gnu11;
				GCC_NO_COMMON_BLOCKS = YES;
				GCC_WARN_64_TO_32_BIT_CONVERSION = YES;
				GCC_WARN_ABOUT_RETURN_TYPE = YES_ERROR;
				GCC_WARN_UNDECLARED_SELECTOR = YES;
				GCC_WARN_UNINITIALIZED_AUTOS = YES_AGGRESSIVE;
				GCC_WARN_UNUSED_FUNCTION = YES;
				GCC_WARN_UNUSED_VARIABLE = YES;
				IPHONEOS_DEPLOYMENT_TARGET = 11.4;
				MTL_ENABLE_DEBUG_INFO = NO;
				SDKROOT = iphoneos;
				SWIFT_COMPILATION_MODE = wholemodule;
				SWIFT_OPTIMIZATION_LEVEL = "-O";
				VALIDATE_PRODUCT = YES;
			};
			name = Release;
		};
		45124CB721A0638300F25A93 /* Debug */ = {
			isa = XCBuildConfiguration;
			baseConfigurationReference = 62CED386EA6C178DE0FE7824 /* Pods-TestiOSProject.debug.xcconfig */;
			buildSettings = {
				ASSETCATALOG_COMPILER_APPICON_NAME = AppIcon;
				CODE_SIGN_STYLE = Automatic;
				ENABLE_BITCODE = NO;
				INFOPLIST_FILE = TestiOSProject/Info.plist;
				LD_RUNPATH_SEARCH_PATHS = (
					"$(inherited)",
					"@executable_path/Frameworks",
				);
				PRODUCT_BUNDLE_IDENTIFIER = com.TestiOSProject;
				PRODUCT_NAME = "$(TARGET_NAME)";
				SWIFT_VERSION = 4.0;
				TARGETED_DEVICE_FAMILY = "1,2";
			};
			name = Debug;
		};
		45124CB821A0638300F25A93 /* Release */ = {
			isa = XCBuildConfiguration;
			baseConfigurationReference = ADF0E511756F731EC3FA79FB /* Pods-TestiOSProject.release.xcconfig */;
			buildSettings = {
				ASSETCATALOG_COMPILER_APPICON_NAME = AppIcon;
				CODE_SIGN_STYLE = Automatic;
				ENABLE_BITCODE = NO;
				INFOPLIST_FILE = TestiOSProject/Info.plist;
				LD_RUNPATH_SEARCH_PATHS = (
					"$(inherited)",
					"@executable_path/Frameworks",
				);
				PRODUCT_BUNDLE_IDENTIFIER = com.TestiOSProject;
				PRODUCT_NAME = "$(TARGET_NAME)";
				SWIFT_VERSION = 4.0;
				TARGETED_DEVICE_FAMILY = "1,2";
			};
			name = Release;
		};
/* End XCBuildConfiguration section */

/* Begin XCConfigurationList section */
		45124C9F21A0638200F25A93 /* Build configuration list for PBXProject "TestiOSProject" */ = {
			isa = XCConfigurationList;
			buildConfigurations = (
				45124CB421A0638300F25A93 /* Debug */,
				45124CB521A0638300F25A93 /* Release */,
			);
			defaultConfigurationIsVisible = 0;
			defaultConfigurationName = Release;
		};
		45124CB621A0638300F25A93 /* Build configuration list for PBXNativeTarget "TestiOSProject" */ = {
			isa = XCConfigurationList;
			buildConfigurations = (
				45124CB721A0638300F25A93 /* Debug */,
				45124CB821A0638300F25A93 /* Release */,
			);
			defaultConfigurationIsVisible = 0;
			defaultConfigurationName = Release;
		};
/* End XCConfigurationList section */
	};
	rootObject = 45124C9C21A0638200F25A93 /* Project object */;
}
